// !$*UTF8*$!
{
	archiveVersion = 1;
	classes = {
	};
	objectVersion = 55;
	objects = {

/* Begin PBXBuildFile section */
		6E00F53927EE6DD400DB9797 /* HomeView.swift in Sources */ = {isa = PBXBuildFile; fileRef = 6E00F53827EE6DD400DB9797 /* HomeView.swift */; };
		6E482AFC2800D854007FA3DD /* Features.swift in Sources */ = {isa = PBXBuildFile; fileRef = 6E482AFB2800D854007FA3DD /* Features.swift */; };
		6E90665E27D811880020F744 /* Tab.swift in Sources */ = {isa = PBXBuildFile; fileRef = 6E90665D27D811880020F744 /* Tab.swift */; };
		6EAC7AC327CFD78700A675EC /* College_UniverseApp.swift in Sources */ = {isa = PBXBuildFile; fileRef = 6EAC7AC227CFD78700A675EC /* College_UniverseApp.swift */; };
		6EAC7AC527CFD78700A675EC /* ContentView.swift in Sources */ = {isa = PBXBuildFile; fileRef = 6EAC7AC427CFD78700A675EC /* ContentView.swift */; };
		6EAC7AC727CFD78700A675EC /* Assets.xcassets in Resources */ = {isa = PBXBuildFile; fileRef = 6EAC7AC627CFD78700A675EC /* Assets.xcassets */; };
		6EAC7ACA27CFD78700A675EC /* Preview Assets.xcassets in Resources */ = {isa = PBXBuildFile; fileRef = 6EAC7AC927CFD78700A675EC /* Preview Assets.xcassets */; };
		6EAC7AD127D0034500A675EC /* Styles.swift in Sources */ = {isa = PBXBuildFile; fileRef = 6EAC7AD027D0034500A675EC /* Styles.swift */; };
		6EAC7AD327D00C3400A675EC /* AccountView.swift in Sources */ = {isa = PBXBuildFile; fileRef = 6EAC7AD227D00C3400A675EC /* AccountView.swift */; };
		6EAC7AD527D0230D00A675EC /* HexagonView.swift in Sources */ = {isa = PBXBuildFile; fileRef = 6EAC7AD427D0230D00A675EC /* HexagonView.swift */; };
		6EAC7AD727D02BB000A675EC /* BlobView.swift in Sources */ = {isa = PBXBuildFile; fileRef = 6EAC7AD627D02BB000A675EC /* BlobView.swift */; };
		6EAC7AD927D034EE00A675EC /* TabBar.swift in Sources */ = {isa = PBXBuildFile; fileRef = 6EAC7AD827D034EE00A675EC /* TabBar.swift */; };
		6EB663A227F7940B007BD78F /* HomeViewElements.swift in Sources */ = {isa = PBXBuildFile; fileRef = 6EB663A127F7940B007BD78F /* HomeViewElements.swift */; };
		6EB663A427F79745007BD78F /* NavigationBar.swift in Sources */ = {isa = PBXBuildFile; fileRef = 6EB663A327F79745007BD78F /* NavigationBar.swift */; };
		6EB663A627F7B8F4007BD78F /* PreferenceKeys.swift in Sources */ = {isa = PBXBuildFile; fileRef = 6EB663A527F7B8F4007BD78F /* PreferenceKeys.swift */; };
		6EB663A827F7BC16007BD78F /* AnimatableFontModifier.swift in Sources */ = {isa = PBXBuildFile; fileRef = 6EB663A727F7BC16007BD78F /* AnimatableFontModifier.swift */; };
/* End PBXBuildFile section */

/* Begin PBXFileReference section */
		6E00F53827EE6DD400DB9797 /* HomeView.swift */ = {isa = PBXFileReference; lastKnownFileType = sourcecode.swift; path = HomeView.swift; sourceTree = "<group>"; };
		6E482AFB2800D854007FA3DD /* Features.swift */ = {isa = PBXFileReference; lastKnownFileType = sourcecode.swift; path = Features.swift; sourceTree = "<group>"; };
		6E90665D27D811880020F744 /* Tab.swift */ = {isa = PBXFileReference; lastKnownFileType = sourcecode.swift; path = Tab.swift; sourceTree = "<group>"; };
		6EAC7ABF27CFD78700A675EC /* College Universe.app */ = {isa = PBXFileReference; explicitFileType = wrapper.application; includeInIndex = 0; path = "College Universe.app"; sourceTree = BUILT_PRODUCTS_DIR; };
		6EAC7AC227CFD78700A675EC /* College_UniverseApp.swift */ = {isa = PBXFileReference; lastKnownFileType = sourcecode.swift; path = College_UniverseApp.swift; sourceTree = "<group>"; };
		6EAC7AC427CFD78700A675EC /* ContentView.swift */ = {isa = PBXFileReference; lastKnownFileType = sourcecode.swift; path = ContentView.swift; sourceTree = "<group>"; };
		6EAC7AC627CFD78700A675EC /* Assets.xcassets */ = {isa = PBXFileReference; lastKnownFileType = folder.assetcatalog; path = Assets.xcassets; sourceTree = "<group>"; };
		6EAC7AC927CFD78700A675EC /* Preview Assets.xcassets */ = {isa = PBXFileReference; lastKnownFileType = folder.assetcatalog; path = "Preview Assets.xcassets"; sourceTree = "<group>"; };
		6EAC7AD027D0034500A675EC /* Styles.swift */ = {isa = PBXFileReference; lastKnownFileType = sourcecode.swift; path = Styles.swift; sourceTree = "<group>"; };
		6EAC7AD227D00C3400A675EC /* AccountView.swift */ = {isa = PBXFileReference; lastKnownFileType = sourcecode.swift; path = AccountView.swift; sourceTree = "<group>"; };
		6EAC7AD427D0230D00A675EC /* HexagonView.swift */ = {isa = PBXFileReference; fileEncoding = 4; lastKnownFileType = sourcecode.swift; path = HexagonView.swift; sourceTree = "<group>"; };
		6EAC7AD627D02BB000A675EC /* BlobView.swift */ = {isa = PBXFileReference; fileEncoding = 4; lastKnownFileType = sourcecode.swift; path = BlobView.swift; sourceTree = "<group>"; };
		6EAC7AD827D034EE00A675EC /* TabBar.swift */ = {isa = PBXFileReference; lastKnownFileType = sourcecode.swift; path = TabBar.swift; sourceTree = "<group>"; };
		6EB663A127F7940B007BD78F /* HomeViewElements.swift */ = {isa = PBXFileReference; lastKnownFileType = sourcecode.swift; path = HomeViewElements.swift; sourceTree = "<group>"; };
		6EB663A327F79745007BD78F /* NavigationBar.swift */ = {isa = PBXFileReference; lastKnownFileType = sourcecode.swift; path = NavigationBar.swift; sourceTree = "<group>"; };
		6EB663A527F7B8F4007BD78F /* PreferenceKeys.swift */ = {isa = PBXFileReference; lastKnownFileType = sourcecode.swift; path = PreferenceKeys.swift; sourceTree = "<group>"; };
		6EB663A727F7BC16007BD78F /* AnimatableFontModifier.swift */ = {isa = PBXFileReference; lastKnownFileType = sourcecode.swift; path = AnimatableFontModifier.swift; sourceTree = "<group>"; };
/* End PBXFileReference section */

/* Begin PBXFrameworksBuildPhase section */
		6EAC7ABC27CFD78700A675EC /* Frameworks */ = {
			isa = PBXFrameworksBuildPhase;
			buildActionMask = 2147483647;
			files = (
			);
			runOnlyForDeploymentPostprocessing = 0;
		};
/* End PBXFrameworksBuildPhase section */

/* Begin PBXGroup section */
		6E00F53A27EE772800DB9797 /* Styles */ = {
			isa = PBXGroup;
			children = (
				6EAC7AD027D0034500A675EC /* Styles.swift */,
				6EB663A727F7BC16007BD78F /* AnimatableFontModifier.swift */,
			);
			path = Styles;
			sourceTree = "<group>";
		};
		6E00F53B27EE7C3B00DB9797 /* Navigation */ = {
			isa = PBXGroup;
			children = (
				6EAC7AC427CFD78700A675EC /* ContentView.swift */,
				6EAC7AD827D034EE00A675EC /* TabBar.swift */,
			);
			path = Navigation;
			sourceTree = "<group>";
		};
		6E00F53C27EE7E9500DB9797 /* Views */ = {
			isa = PBXGroup;
			children = (
				6E00F53827EE6DD400DB9797 /* HomeView.swift */,
				6EAC7AD227D00C3400A675EC /* AccountView.swift */,
			);
			path = Views;
			sourceTree = "<group>";
		};
		6E00F53D27EE7EA400DB9797 /* Components */ = {
			isa = PBXGroup;
			children = (
				6EAC7AD627D02BB000A675EC /* BlobView.swift */,
				6EAC7AD427D0230D00A675EC /* HexagonView.swift */,
				6EB663A127F7940B007BD78F /* HomeViewElements.swift */,
				6EB663A327F79745007BD78F /* NavigationBar.swift */,
			);
			path = Components;
			sourceTree = "<group>";
		};
		6E00F53E27EE7EC600DB9797 /* Models */ = {
			isa = PBXGroup;
			children = (
				6E90665D27D811880020F744 /* Tab.swift */,
				6EB663A527F7B8F4007BD78F /* PreferenceKeys.swift */,
				6E482AFB2800D854007FA3DD /* Features.swift */,
			);
			path = Models;
			sourceTree = "<group>";
		};
		6EAC7AB627CFD78700A675EC = {
			isa = PBXGroup;
			children = (
				6EAC7AC127CFD78700A675EC /* College Universe */,
				6EAC7AC027CFD78700A675EC /* Products */,
			);
			sourceTree = "<group>";
		};
		6EAC7AC027CFD78700A675EC /* Products */ = {
			isa = PBXGroup;
			children = (
				6EAC7ABF27CFD78700A675EC /* College Universe.app */,
			);
			name = Products;
			sourceTree = "<group>";
		};
		6EAC7AC127CFD78700A675EC /* College Universe */ = {
			isa = PBXGroup;
			children = (
				6EAC7AC227CFD78700A675EC /* College_UniverseApp.swift */,
				6E00F53E27EE7EC600DB9797 /* Models */,
				6E00F53C27EE7E9500DB9797 /* Views */,
				6E00F53D27EE7EA400DB9797 /* Components */,
				6E00F53B27EE7C3B00DB9797 /* Navigation */,
				6E00F53A27EE772800DB9797 /* Styles */,
				6EAC7AC627CFD78700A675EC /* Assets.xcassets */,
				6EAC7AC827CFD78700A675EC /* Preview Content */,
			);
			path = "College Universe";
			sourceTree = "<group>";
		};
		6EAC7AC827CFD78700A675EC /* Preview Content */ = {
			isa = PBXGroup;
			children = (
				6EAC7AC927CFD78700A675EC /* Preview Assets.xcassets */,
			);
			path = "Preview Content";
			sourceTree = "<group>";
		};
/* End PBXGroup section */

/* Begin PBXNativeTarget section */
		6EAC7ABE27CFD78700A675EC /* College Universe */ = {
			isa = PBXNativeTarget;
			buildConfigurationList = 6EAC7ACD27CFD78700A675EC /* Build configuration list for PBXNativeTarget "College Universe" */;
			buildPhases = (
				6EAC7ABB27CFD78700A675EC /* Sources */,
				6EAC7ABC27CFD78700A675EC /* Frameworks */,
				6EAC7ABD27CFD78700A675EC /* Resources */,
			);
			buildRules = (
			);
			dependencies = (
			);
			name = "College Universe";
			productName = "College Universe";
			productReference = 6EAC7ABF27CFD78700A675EC /* College Universe.app */;
			productType = "com.apple.product-type.application";
		};
/* End PBXNativeTarget section */

/* Begin PBXProject section */
		6EAC7AB727CFD78700A675EC /* Project object */ = {
			isa = PBXProject;
			attributes = {
				BuildIndependentTargetsInParallel = 1;
				LastSwiftUpdateCheck = 1320;
				LastUpgradeCheck = 1320;
				TargetAttributes = {
					6EAC7ABE27CFD78700A675EC = {
						CreatedOnToolsVersion = 13.2.1;
					};
				};
			};
			buildConfigurationList = 6EAC7ABA27CFD78700A675EC /* Build configuration list for PBXProject "College Universe" */;
			compatibilityVersion = "Xcode 13.0";
			developmentRegion = en;
			hasScannedForEncodings = 0;
			knownRegions = (
				en,
				Base,
			);
			mainGroup = 6EAC7AB627CFD78700A675EC;
			productRefGroup = 6EAC7AC027CFD78700A675EC /* Products */;
			projectDirPath = "";
			projectRoot = "";
			targets = (
				6EAC7ABE27CFD78700A675EC /* College Universe */,
			);
		};
/* End PBXProject section */

/* Begin PBXResourcesBuildPhase section */
		6EAC7ABD27CFD78700A675EC /* Resources */ = {
			isa = PBXResourcesBuildPhase;
			buildActionMask = 2147483647;
			files = (
				6EAC7ACA27CFD78700A675EC /* Preview Assets.xcassets in Resources */,
				6EAC7AC727CFD78700A675EC /* Assets.xcassets in Resources */,
			);
			runOnlyForDeploymentPostprocessing = 0;
		};
/* End PBXResourcesBuildPhase section */

/* Begin PBXSourcesBuildPhase section */
		6EAC7ABB27CFD78700A675EC /* Sources */ = {
			isa = PBXSourcesBuildPhase;
			buildActionMask = 2147483647;
			files = (
				6EB663A227F7940B007BD78F /* HomeViewElements.swift in Sources */,
				6E00F53927EE6DD400DB9797 /* HomeView.swift in Sources */,
				6E482AFC2800D854007FA3DD /* Features.swift in Sources */,
				6EAC7AD327D00C3400A675EC /* AccountView.swift in Sources */,
				6EAC7AD527D0230D00A675EC /* HexagonView.swift in Sources */,
				6EAC7AD127D0034500A675EC /* Styles.swift in Sources */,
				6EB663A427F79745007BD78F /* NavigationBar.swift in Sources */,
				6E90665E27D811880020F744 /* Tab.swift in Sources */,
				6EAC7AD727D02BB000A675EC /* BlobView.swift in Sources */,
				6EAC7AC527CFD78700A675EC /* ContentView.swift in Sources */,
				6EAC7AC327CFD78700A675EC /* College_UniverseApp.swift in Sources */,
				6EB663A627F7B8F4007BD78F /* PreferenceKeys.swift in Sources */,
				6EAC7AD927D034EE00A675EC /* TabBar.swift in Sources */,
				6EB663A827F7BC16007BD78F /* AnimatableFontModifier.swift in Sources */,
			);
			runOnlyForDeploymentPostprocessing = 0;
		};
/* End PBXSourcesBuildPhase section */

/* Begin XCBuildConfiguration section */
		6EAC7ACB27CFD78700A675EC /* Debug */ = {
			isa = XCBuildConfiguration;
			buildSettings = {
				ALWAYS_SEARCH_USER_PATHS = NO;
				CLANG_ANALYZER_NONNULL = YES;
				CLANG_ANALYZER_NUMBER_OBJECT_CONVERSION = YES_AGGRESSIVE;
				CLANG_CXX_LANGUAGE_STANDARD = "gnu++17";
				CLANG_CXX_LIBRARY = "libc++";
				CLANG_ENABLE_MODULES = YES;
				CLANG_ENABLE_OBJC_ARC = YES;
				CLANG_ENABLE_OBJC_WEAK = YES;
				CLANG_WARN_BLOCK_CAPTURE_AUTORELEASING = YES;
				CLANG_WARN_BOOL_CONVERSION = YES;
				CLANG_WARN_COMMA = YES;
				CLANG_WARN_CONSTANT_CONVERSION = YES;
				CLANG_WARN_DEPRECATED_OBJC_IMPLEMENTATIONS = YES;
				CLANG_WARN_DIRECT_OBJC_ISA_USAGE = YES_ERROR;
				CLANG_WARN_DOCUMENTATION_COMMENTS = YES;
				CLANG_WARN_EMPTY_BODY = YES;
				CLANG_WARN_ENUM_CONVERSION = YES;
				CLANG_WARN_INFINITE_RECURSION = YES;
				CLANG_WARN_INT_CONVERSION = YES;
				CLANG_WARN_NON_LITERAL_NULL_CONVERSION = YES;
				CLANG_WARN_OBJC_IMPLICIT_RETAIN_SELF = YES;
				CLANG_WARN_OBJC_LITERAL_CONVERSION = YES;
				CLANG_WARN_OBJC_ROOT_CLASS = YES_ERROR;
				CLANG_WARN_QUOTED_INCLUDE_IN_FRAMEWORK_HEADER = YES;
				CLANG_WARN_RANGE_LOOP_ANALYSIS = YES;
				CLANG_WARN_STRICT_PROTOTYPES = YES;
				CLANG_WARN_SUSPICIOUS_MOVE = YES;
				CLANG_WARN_UNGUARDED_AVAILABILITY = YES_AGGRESSIVE;
				CLANG_WARN_UNREACHABLE_CODE = YES;
				CLANG_WARN__DUPLICATE_METHOD_MATCH = YES;
				COPY_PHASE_STRIP = NO;
				DEBUG_INFORMATION_FORMAT = dwarf;
				ENABLE_STRICT_OBJC_MSGSEND = YES;
				ENABLE_TESTABILITY = YES;
				GCC_C_LANGUAGE_STANDARD = gnu11;
				GCC_DYNAMIC_NO_PIC = NO;
				GCC_NO_COMMON_BLOCKS = YES;
				GCC_OPTIMIZATION_LEVEL = 0;
				GCC_PREPROCESSOR_DEFINITIONS = (
					"DEBUG=1",
					"$(inherited)",
				);
				GCC_WARN_64_TO_32_BIT_CONVERSION = YES;
				GCC_WARN_ABOUT_RETURN_TYPE = YES_ERROR;
				GCC_WARN_UNDECLARED_SELECTOR = YES;
				GCC_WARN_UNINITIALIZED_AUTOS = YES_AGGRESSIVE;
				GCC_WARN_UNUSED_FUNCTION = YES;
				GCC_WARN_UNUSED_VARIABLE = YES;
				IPHONEOS_DEPLOYMENT_TARGET = 15.2;
				MTL_ENABLE_DEBUG_INFO = INCLUDE_SOURCE;
				MTL_FAST_MATH = YES;
				ONLY_ACTIVE_ARCH = YES;
				SDKROOT = iphoneos;
				SWIFT_ACTIVE_COMPILATION_CONDITIONS = DEBUG;
				SWIFT_OPTIMIZATION_LEVEL = "-Onone";
			};
			name = Debug;
		};
		6EAC7ACC27CFD78700A675EC /* Release */ = {
			isa = XCBuildConfiguration;
			buildSettings = {
				ALWAYS_SEARCH_USER_PATHS = NO;
				CLANG_ANALYZER_NONNULL = YES;
				CLANG_ANALYZER_NUMBER_OBJECT_CONVERSION = YES_AGGRESSIVE;
				CLANG_CXX_LANGUAGE_STANDARD = "gnu++17";
				CLANG_CXX_LIBRARY = "libc++";
				CLANG_ENABLE_MODULES = YES;
				CLANG_ENABLE_OBJC_ARC = YES;
				CLANG_ENABLE_OBJC_WEAK = YES;
				CLANG_WARN_BLOCK_CAPTURE_AUTORELEASING = YES;
				CLANG_WARN_BOOL_CONVERSION = YES;
				CLANG_WARN_COMMA = YES;
				CLANG_WARN_CONSTANT_CONVERSION = YES;
				CLANG_WARN_DEPRECATED_OBJC_IMPLEMENTATIONS = YES;
				CLANG_WARN_DIRECT_OBJC_ISA_USAGE = YES_ERROR;
				CLANG_WARN_DOCUMENTATION_COMMENTS = YES;
				CLANG_WARN_EMPTY_BODY = YES;
				CLANG_WARN_ENUM_CONVERSION = YES;
				CLANG_WARN_INFINITE_RECURSION = YES;
				CLANG_WARN_INT_CONVERSION = YES;
				CLANG_WARN_NON_LITERAL_NULL_CONVERSION = YES;
				CLANG_WARN_OBJC_IMPLICIT_RETAIN_SELF = YES;
				CLANG_WARN_OBJC_LITERAL_CONVERSION = YES;
				CLANG_WARN_OBJC_ROOT_CLASS = YES_ERROR;
				CLANG_WARN_QUOTED_INCLUDE_IN_FRAMEWORK_HEADER = YES;
				CLANG_WARN_RANGE_LOOP_ANALYSIS = YES;
				CLANG_WARN_STRICT_PROTOTYPES = YES;
				CLANG_WARN_SUSPICIOUS_MOVE = YES;
				CLANG_WARN_UNGUARDED_AVAILABILITY = YES_AGGRESSIVE;
				CLANG_WARN_UNREACHABLE_CODE = YES;
				CLANG_WARN__DUPLICATE_METHOD_MATCH = YES;
				COPY_PHASE_STRIP = NO;
				DEBUG_INFORMATION_FORMAT = "dwarf-with-dsym";
				ENABLE_NS_ASSERTIONS = NO;
				ENABLE_STRICT_OBJC_MSGSEND = YES;
				GCC_C_LANGUAGE_STANDARD = gnu11;
				GCC_NO_COMMON_BLOCKS = YES;
				GCC_WARN_64_TO_32_BIT_CONVERSION = YES;
				GCC_WARN_ABOUT_RETURN_TYPE = YES_ERROR;
				GCC_WARN_UNDECLARED_SELECTOR = YES;
				GCC_WARN_UNINITIALIZED_AUTOS = YES_AGGRESSIVE;
				GCC_WARN_UNUSED_FUNCTION = YES;
				GCC_WARN_UNUSED_VARIABLE = YES;
				IPHONEOS_DEPLOYMENT_TARGET = 15.2;
				MTL_ENABLE_DEBUG_INFO = NO;
				MTL_FAST_MATH = YES;
				SDKROOT = iphoneos;
				SWIFT_COMPILATION_MODE = wholemodule;
				SWIFT_OPTIMIZATION_LEVEL = "-O";
				VALIDATE_PRODUCT = YES;
			};
			name = Release;
		};
		6EAC7ACE27CFD78700A675EC /* Debug */ = {
			isa = XCBuildConfiguration;
			buildSettings = {
				ASSETCATALOG_COMPILER_APPICON_NAME = AppIcon;
				ASSETCATALOG_COMPILER_GLOBAL_ACCENT_COLOR_NAME = AccentColor;
				CODE_SIGN_STYLE = Automatic;
				CURRENT_PROJECT_VERSION = 1;
				DEVELOPMENT_ASSET_PATHS = "\"College Universe/Preview Content\"";
				DEVELOPMENT_TEAM = 46AYC424BV;
				ENABLE_PREVIEWS = YES;
				GENERATE_INFOPLIST_FILE = YES;
				INFOPLIST_KEY_UIApplicationSceneManifest_Generation = YES;
				INFOPLIST_KEY_UIApplicationSupportsIndirectInputEvents = YES;
				INFOPLIST_KEY_UILaunchScreen_Generation = YES;
				INFOPLIST_KEY_UISupportedInterfaceOrientations_iPad = "UIInterfaceOrientationPortrait UIInterfaceOrientationPortraitUpsideDown UIInterfaceOrientationLandscapeLeft UIInterfaceOrientationLandscapeRight";
				INFOPLIST_KEY_UISupportedInterfaceOrientations_iPhone = "UIInterfaceOrientationPortrait UIInterfaceOrientationLandscapeLeft UIInterfaceOrientationLandscapeRight";
				IPHONEOS_DEPLOYMENT_TARGET = 15.2;
				LD_RUNPATH_SEARCH_PATHS = (
					"$(inherited)",
					"@executable_path/Frameworks",
				);
				MARKETING_VERSION = 1.0;
				PRODUCT_BUNDLE_IDENTIFIER = "com.airakoze.College-Universe";
				PRODUCT_NAME = "$(TARGET_NAME)";
				SWIFT_EMIT_LOC_STRINGS = YES;
				SWIFT_VERSION = 5.0;
				TARGETED_DEVICE_FAMILY = "1,2";
			};
			name = Debug;
		};
		6EAC7ACF27CFD78700A675EC /* Release */ = {
			isa = XCBuildConfiguration;
			buildSettings = {
				ASSETCATALOG_COMPILER_APPICON_NAME = AppIcon;
				ASSETCATALOG_COMPILER_GLOBAL_ACCENT_COLOR_NAME = AccentColor;
				CODE_SIGN_STYLE = Automatic;
				CURRENT_PROJECT_VERSION = 1;
				DEVELOPMENT_ASSET_PATHS = "\"College Universe/Preview Content\"";
				DEVELOPMENT_TEAM = 46AYC424BV;
				ENABLE_PREVIEWS = YES;
				GENERATE_INFOPLIST_FILE = YES;
				INFOPLIST_KEY_UIApplicationSceneManifest_Generation = YES;
				INFOPLIST_KEY_UIApplicationSupportsIndirectInputEvents = YES;
				INFOPLIST_KEY_UILaunchScreen_Generation = YES;
				INFOPLIST_KEY_UISupportedInterfaceOrientations_iPad = "UIInterfaceOrientationPortrait UIInterfaceOrientationPortraitUpsideDown UIInterfaceOrientationLandscapeLeft UIInterfaceOrientationLandscapeRight";
				INFOPLIST_KEY_UISupportedInterfaceOrientations_iPhone = "UIInterfaceOrientationPortrait UIInterfaceOrientationLandscapeLeft UIInterfaceOrientationLandscapeRight";
				IPHONEOS_DEPLOYMENT_TARGET = 15.2;
				LD_RUNPATH_SEARCH_PATHS = (
					"$(inherited)",
					"@executable_path/Frameworks",
				);
				MARKETING_VERSION = 1.0;
				PRODUCT_BUNDLE_IDENTIFIER = "com.airakoze.College-Universe";
				PRODUCT_NAME = "$(TARGET_NAME)";
				SWIFT_EMIT_LOC_STRINGS = YES;
				SWIFT_VERSION = 5.0;
				TARGETED_DEVICE_FAMILY = "1,2";
			};
			name = Release;
		};
/* End XCBuildConfiguration section */

/* Begin XCConfigurationList section */
		6EAC7ABA27CFD78700A675EC /* Build configuration list for PBXProject "College Universe" */ = {
			isa = XCConfigurationList;
			buildConfigurations = (
				6EAC7ACB27CFD78700A675EC /* Debug */,
				6EAC7ACC27CFD78700A675EC /* Release */,
			);
			defaultConfigurationIsVisible = 0;
			defaultConfigurationName = Release;
		};
		6EAC7ACD27CFD78700A675EC /* Build configuration list for PBXNativeTarget "College Universe" */ = {
			isa = XCConfigurationList;
			buildConfigurations = (
				6EAC7ACE27CFD78700A675EC /* Debug */,
				6EAC7ACF27CFD78700A675EC /* Release */,
			);
			defaultConfigurationIsVisible = 0;
			defaultConfigurationName = Release;
		};
/* End XCConfigurationList section */
	};
	rootObject = 6EAC7AB727CFD78700A675EC /* Project object */;
}
